
Microsoft Visual Studio Solution File, Format Version 12.00
# Visual Studio Version 17
VisualStudioVersion = 17.9.34728.123
MinimumVisualStudioVersion = 10.0.40219.1
Project("{2150E333-8FDC-42A3-9474-1A3956D46DE8}") = "2.CRD.Aplicacion", "2.CRD.Aplicacion", "{0CA4074B-0B99-46B6-9594-882186ABD7A9}"
EndProject
Project("{2150E333-8FDC-42A3-9474-1A3956D46DE8}") = "3.CRD.Dominio", "3.CRD.Dominio", "{48A44459-CFF4-45A2-9A97-089575808F72}"
EndProject
Project("{2150E333-8FDC-42A3-9474-1A3956D46DE8}") = "4.CRD.Infraestructura", "4.CRD.Infraestructura", "{A7B6AAB6-68DB-427B-96C1-0180FA116B2A}"
EndProject
Project("{2150E333-8FDC-42A3-9474-1A3956D46DE8}") = "1.CRD.InterfazUsuario", "1.CRD.InterfazUsuario", "{A975446D-4EA0-4238-9353-3813391B6BB0}"
EndProject
Project("{FAE04EC0-301F-11D3-BF4B-00C04F79EFBC}") = "CRD.APP.Aplicacion", "CRD.APP.Aplicacion\CRD.APP.Aplicacion.csproj", "{7DF92D64-AF90-426D-A679-659787C00DD6}"
EndProject
Project("{FAE04EC0-301F-11D3-BF4B-00C04F79EFBC}") = "CRD.APP.AplicacionDTO", "CRD.APP.AplicacionDTO\CRD.APP.AplicacionDTO.csproj", "{8340984B-EFCA-42F1-ACF9-8DFBFE324A03}"
EndProject
Project("{FAE04EC0-301F-11D3-BF4B-00C04F79EFBC}") = "CRD.Dominio.Servicio", "CRD.Dominio.Servicio\CRD.Dominio.Servicio.csproj", "{5C5C2463-0448-46D0-9E1C-60DAE1C0AC58}"
EndProject
Project("{FAE04EC0-301F-11D3-BF4B-00C04F79EFBC}") = "CRD.Dominio.Modelo", "CRD.Dominio.Modelo\CRD.Dominio.Modelo.csproj", "{67122A64-5BCF-40EC-8D89-B2440EB060BB}"
EndProject
Project("{FAE04EC0-301F-11D3-BF4B-00C04F79EFBC}") = "CRD.Infraestructura.AccesoDatos", "CRD.Infraestructura.AccesoDatos\CRD.Infraestructura.AccesoDatos.csproj", "{28E39574-B8B6-443B-8C24-259EA6C42BF1}"
EndProject
Project("{FAE04EC0-301F-11D3-BF4B-00C04F79EFBC}") = "CRD.Infraestructura.CrossCuting", "CRD.Infraestructura.CrossCuting\CRD.Infraestructura.CrossCuting.csproj", "{D70D5A1A-B8A5-4FBC-AD39-F8AA5C8CB302}"
EndProject
Project("{FAE04EC0-301F-11D3-BF4B-00C04F79EFBC}") = "CRD.Infraestructura.ServiciosEmail", "CRD.Infraestructura.ServiciosEmail\CRD.Infraestructura.ServiciosEmail.csproj", "{89443B3A-F0A1-4C9F-BBA4-41FC8856B1B4}"
EndProject
Project("{FAE04EC0-301F-11D3-BF4B-00C04F79EFBC}") = "CRD.Infraestructura.ServiciosExterno", "CRD.Infraestructura.ServiciosExterno\CRD.Infraestructura.ServiciosExterno.csproj", "{EC89C3C6-B8B4-4EED-8BE9-E6232105E414}"
EndProject
Project("{2150E333-8FDC-42A3-9474-1A3956D46DE8}") = "5.CRD.Test", "5.CRD.Test", "{BBE4DBB5-4C00-4B71-A27C-D54374C51B53}"
EndProject
Project("{FAE04EC0-301F-11D3-BF4B-00C04F79EFBC}") = "CRD.Test.MSTest", "CRD.Test.MSTest\CRD.Test.MSTest.csproj", "{BD208FCD-D17B-483B-A958-DEEF6C44ED58}"
EndProject
Project("{FAE04EC0-301F-11D3-BF4B-00C04F79EFBC}") = "CRD.UI.Windows", "CRD.UI.Windows\CRD.UI.Windows.csproj", "{8BCF2FB5-B1E0-4A94-AB85-3F7170BE2409}"
EndProject
Global
	GlobalSection(SolutionConfigurationPlatforms) = preSolution
		Debug|Any CPU = Debug|Any CPU
		Release|Any CPU = Release|Any CPU
	EndGlobalSection
	GlobalSection(ProjectConfigurationPlatforms) = postSolution
		{7DF92D64-AF90-426D-A679-659787C00DD6}.Debug|Any CPU.ActiveCfg = Debug|Any CPU
		{7DF92D64-AF90-426D-A679-659787C00DD6}.Debug|Any CPU.Build.0 = Debug|Any CPU
		{7DF92D64-AF90-426D-A679-659787C00DD6}.Release|Any CPU.ActiveCfg = Release|Any CPU
		{7DF92D64-AF90-426D-A679-659787C00DD6}.Release|Any CPU.Build.0 = Release|Any CPU
		{8340984B-EFCA-42F1-ACF9-8DFBFE324A03}.Debug|Any CPU.ActiveCfg = Debug|Any CPU
		{8340984B-EFCA-42F1-ACF9-8DFBFE324A03}.Debug|Any CPU.Build.0 = Debug|Any CPU
		{8340984B-EFCA-42F1-ACF9-8DFBFE324A03}.Release|Any CPU.ActiveCfg = Release|Any CPU
		{8340984B-EFCA-42F1-ACF9-8DFBFE324A03}.Release|Any CPU.Build.0 = Release|Any CPU
		{5C5C2463-0448-46D0-9E1C-60DAE1C0AC58}.Debug|Any CPU.ActiveCfg = Debug|Any CPU
		{5C5C2463-0448-46D0-9E1C-60DAE1C0AC58}.Debug|Any CPU.Build.0 = Debug|Any CPU
		{5C5C2463-0448-46D0-9E1C-60DAE1C0AC58}.Release|Any CPU.ActiveCfg = Release|Any CPU
		{5C5C2463-0448-46D0-9E1C-60DAE1C0AC58}.Release|Any CPU.Build.0 = Release|Any CPU
		{67122A64-5BCF-40EC-8D89-B2440EB060BB}.Debug|Any CPU.ActiveCfg = Debug|Any CPU
		{67122A64-5BCF-40EC-8D89-B2440EB060BB}.Debug|Any CPU.Build.0 = Debug|Any CPU
		{67122A64-5BCF-40EC-8D89-B2440EB060BB}.Release|Any CPU.ActiveCfg = Release|Any CPU
		{67122A64-5BCF-40EC-8D89-B2440EB060BB}.Release|Any CPU.Build.0 = Release|Any CPU
		{28E39574-B8B6-443B-8C24-259EA6C42BF1}.Debug|Any CPU.ActiveCfg = Debug|Any CPU
		{28E39574-B8B6-443B-8C24-259EA6C42BF1}.Debug|Any CPU.Build.0 = Debug|Any CPU
		{28E39574-B8B6-443B-8C24-259EA6C42BF1}.Release|Any CPU.ActiveCfg = Release|Any CPU
		{28E39574-B8B6-443B-8C24-259EA6C42BF1}.Release|Any CPU.Build.0 = Release|Any CPU
		{D70D5A1A-B8A5-4FBC-AD39-F8AA5C8CB302}.Debug|Any CPU.ActiveCfg = Debug|Any CPU
		{D70D5A1A-B8A5-4FBC-AD39-F8AA5C8CB302}.Debug|Any CPU.Build.0 = Debug|Any CPU
		{D70D5A1A-B8A5-4FBC-AD39-F8AA5C8CB302}.Release|Any CPU.ActiveCfg = Release|Any CPU
		{D70D5A1A-B8A5-4FBC-AD39-F8AA5C8CB302}.Release|Any CPU.Build.0 = Release|Any CPU
		{89443B3A-F0A1-4C9F-BBA4-41FC8856B1B4}.Debug|Any CPU.ActiveCfg = Debug|Any CPU
		{89443B3A-F0A1-4C9F-BBA4-41FC8856B1B4}.Debug|Any CPU.Build.0 = Debug|Any CPU
		{89443B3A-F0A1-4C9F-BBA4-41FC8856B1B4}.Release|Any CPU.ActiveCfg = Release|Any CPU
		{89443B3A-F0A1-4C9F-BBA4-41FC8856B1B4}.Release|Any CPU.Build.0 = Release|Any CPU
		{EC89C3C6-B8B4-4EED-8BE9-E6232105E414}.Debug|Any CPU.ActiveCfg = Debug|Any CPU
		{EC89C3C6-B8B4-4EED-8BE9-E6232105E414}.Debug|Any CPU.Build.0 = Debug|Any CPU
		{EC89C3C6-B8B4-4EED-8BE9-E6232105E414}.Release|Any CPU.ActiveCfg = Release|Any CPU
		{EC89C3C6-B8B4-4EED-8BE9-E6232105E414}.Release|Any CPU.Build.0 = Release|Any CPU
		{BD208FCD-D17B-483B-A958-DEEF6C44ED58}.Debug|Any CPU.ActiveCfg = Debug|Any CPU
		{BD208FCD-D17B-483B-A958-DEEF6C44ED58}.Debug|Any CPU.Build.0 = Debug|Any CPU
		{BD208FCD-D17B-483B-A958-DEEF6C44ED58}.Release|Any CPU.ActiveCfg = Release|Any CPU
		{BD208FCD-D17B-483B-A958-DEEF6C44ED58}.Release|Any CPU.Build.0 = Release|Any CPU
		{8BCF2FB5-B1E0-4A94-AB85-3F7170BE2409}.Debug|Any CPU.ActiveCfg = Debug|Any CPU
		{8BCF2FB5-B1E0-4A94-AB85-3F7170BE2409}.Debug|Any CPU.Build.0 = Debug|Any CPU
		{8BCF2FB5-B1E0-4A94-AB85-3F7170BE2409}.Release|Any CPU.ActiveCfg = Release|Any CPU
		{8BCF2FB5-B1E0-4A94-AB85-3F7170BE2409}.Release|Any CPU.Build.0 = Release|Any CPU
	EndGlobalSection
	GlobalSection(SolutionProperties) = preSolution
		HideSolutionNode = FALSE
	EndGlobalSection
	GlobalSection(NestedProjects) = preSolution
		{7DF92D64-AF90-426D-A679-659787C00DD6} = {0CA4074B-0B99-46B6-9594-882186ABD7A9}
		{8340984B-EFCA-42F1-ACF9-8DFBFE324A03} = {0CA4074B-0B99-46B6-9594-882186ABD7A9}
		{5C5C2463-0448-46D0-9E1C-60DAE1C0AC58} = {48A44459-CFF4-45A2-9A97-089575808F72}
		{67122A64-5BCF-40EC-8D89-B2440EB060BB} = {48A44459-CFF4-45A2-9A97-089575808F72}
		{28E39574-B8B6-443B-8C24-259EA6C42BF1} = {A7B6AAB6-68DB-427B-96C1-0180FA116B2A}
		{D70D5A1A-B8A5-4FBC-AD39-F8AA5C8CB302} = {A7B6AAB6-68DB-427B-96C1-0180FA116B2A}
		{89443B3A-F0A1-4C9F-BBA4-41FC8856B1B4} = {A7B6AAB6-68DB-427B-96C1-0180FA116B2A}
		{EC89C3C6-B8B4-4EED-8BE9-E6232105E414} = {A7B6AAB6-68DB-427B-96C1-0180FA116B2A}
		{BD208FCD-D17B-483B-A958-DEEF6C44ED58} = {BBE4DBB5-4C00-4B71-A27C-D54374C51B53}
		{8BCF2FB5-B1E0-4A94-AB85-3F7170BE2409} = {A975446D-4EA0-4238-9353-3813391B6BB0}
	EndGlobalSection
	GlobalSection(ExtensibilityGlobals) = postSolution
		SolutionGuid = {F61AF8D4-7882-4512-A4FB-3F17CD64CD5E}
	EndGlobalSection
EndGlobal
